{
    "name": "org.lew.paestudiar",
    "version": "1.0.0",
    "lockfileVersion": 1,
    "requires": true,
    "dependencies": {
        "com-badrit-macaddress": {
            "version": "0.2.0",
            "resolved": "https://registry.npmjs.org/com-badrit-macaddress/-/com-badrit-macaddress-0.2.0.tgz",
            "integrity": "sha1-DNHDCcyJW2ANZQRFk6jRL16KVc8="
        },
    }
}
